Microsoft Visual Studio Solution File, Format Version 12.00
# Visual Studio Version 17
VisualStudioVersion = 17.0.31903.59
MinimumVisualStudioVersion = 10.0.40219.1
Project("{FAE04EC0-301F-11D3-BF4B-00C04F79EFBC}") = "Fixture", "Fixture.csproj", "{4A054A44-F9EE-4B4B-B574-1D2CA87B89F7}"
EndProject
Global
	GlobalSection(SolutionConfigurationPlatforms) = preSolution
		Release|Any CPU = Release|Any CPU
	EndGlobalSection
	GlobalSection(ProjectConfigurationPlatforms) = postSolution
		{4A054A44-F9EE-4B4B-B574-1D2CA87B89F7}.Release|Any CPU.ActiveCfg = Release|AnyCPU
		{4A054A44-F9EE-4B4B-B574-1D2CA87B89F7}.Release|Any CPU.Build.0 = Release|AnyCPU
	EndGlobalSection
EndGlobal
